
Microsoft Visual Studio Solution File, Format Version 12.00
# Visual Studio Version 16
VisualStudioVersion = 16.0.33927.289
MinimumVisualStudioVersion = 10.0.40219.1
Project("{FAE04EC0-301F-11D3-BF4B-00C04F79EFBC}") = "Tyuiu.GalyameevMR.Sprint0.Task0.V0", "yuiu.GalyameevMR.Sprint0.Task0.V0\Tyuiu.GalyameevMR.Sprint0.Task0.V0.csproj", "{8D64EE93-EA41-4651-BA0F-1A89FCB67AEE}"
EndProject
Project("{2150E333-8FDC-42A3-9474-1A3956D46DE8}") = "Task0", "Task0", "{2CA7C994-839C-4D7D-8A41-CC86FF1FC0FF}"
EndProject
Project("{2150E333-8FDC-42A3-9474-1A3956D46DE8}") = "Task1", "Task1", "{CBDBA361-385B-4358-AF18-741A7A6CB142}"
EndProject
Project("{FAE04EC0-301F-11D3-BF4B-00C04F79EFBC}") = "Tyuiu.GalyameevMR.Sprint0.Task1.V0", "..\Tyuiu.GalyameevMR.Sprint0.Task1.V0\Tyuiu.GalyameevMR.Sprint0.Task1.V0.csproj", "{BDCDDB1B-61FA-45D4-89D2-C9506E6E1B12}"
EndProject
Global
	GlobalSection(SolutionConfigurationPlatforms) = preSolution
		Debug|Any CPU = Debug|Any CPU
		Debug|x64 = Debug|x64
		Debug|x86 = Debug|x86
		Release|Any CPU = Release|Any CPU
		Release|x64 = Release|x64
		Release|x86 = Release|x86
	EndGlobalSection
	GlobalSection(ProjectConfigurationPlatforms) = postSolution
		{8D64EE93-EA41-4651-BA0F-1A89FCB67AEE}.Debug|Any CPU.ActiveCfg = Debug|Any CPU
		{8D64EE93-EA41-4651-BA0F-1A89FCB67AEE}.Debug|Any CPU.Build.0 = Debug|Any CPU
		{8D64EE93-EA41-4651-BA0F-1A89FCB67AEE}.Debug|x64.ActiveCfg = Debug|Any CPU
		{8D64EE93-EA41-4651-BA0F-1A89FCB67AEE}.Debug|x64.Build.0 = Debug|Any CPU
		{8D64EE93-EA41-4651-BA0F-1A89FCB67AEE}.Debug|x86.ActiveCfg = Debug|Any CPU
		{8D64EE93-EA41-4651-BA0F-1A89FCB67AEE}.Debug|x86.Build.0 = Debug|Any CPU
		{8D64EE93-EA41-4651-BA0F-1A89FCB67AEE}.Release|Any CPU.ActiveCfg = Release|Any CPU
		{8D64EE93-EA41-4651-BA0F-1A89FCB67AEE}.Release|Any CPU.Build.0 = Release|Any CPU
		{8D64EE93-EA41-4651-BA0F-1A89FCB67AEE}.Release|x64.ActiveCfg = Release|Any CPU
		{8D64EE93-EA41-4651-BA0F-1A89FCB67AEE}.Release|x64.Build.0 = Release|Any CPU
		{8D64EE93-EA41-4651-BA0F-1A89FCB67AEE}.Release|x86.ActiveCfg = Release|Any CPU
		{8D64EE93-EA41-4651-BA0F-1A89FCB67AEE}.Release|x86.Build.0 = Release|Any CPU
		{BDCDDB1B-61FA-45D4-89D2-C9506E6E1B12}.Debug|Any CPU.ActiveCfg = Debug|Any CPU
		{BDCDDB1B-61FA-45D4-89D2-C9506E6E1B12}.Debug|Any CPU.Build.0 = Debug|Any CPU
		{BDCDDB1B-61FA-45D4-89D2-C9506E6E1B12}.Debug|x64.ActiveCfg = Debug|Any CPU
		{BDCDDB1B-61FA-45D4-89D2-C9506E6E1B12}.Debug|x64.Build.0 = Debug|Any CPU
		{BDCDDB1B-61FA-45D4-89D2-C9506E6E1B12}.Debug|x86.ActiveCfg = Debug|Any CPU
		{BDCDDB1B-61FA-45D4-89D2-C9506E6E1B12}.Debug|x86.Build.0 = Debug|Any CPU
		{BDCDDB1B-61FA-45D4-89D2-C9506E6E1B12}.Release|Any CPU.ActiveCfg = Release|Any CPU
		{BDCDDB1B-61FA-45D4-89D2-C9506E6E1B12}.Release|Any CPU.Build.0 = Release|Any CPU
		{BDCDDB1B-61FA-45D4-89D2-C9506E6E1B12}.Release|x64.ActiveCfg = Release|Any CPU
		{BDCDDB1B-61FA-45D4-89D2-C9506E6E1B12}.Release|x64.Build.0 = Release|Any CPU
		{BDCDDB1B-61FA-45D4-89D2-C9506E6E1B12}.Release|x86.ActiveCfg = Release|Any CPU
		{BDCDDB1B-61FA-45D4-89D2-C9506E6E1B12}.Release|x86.Build.0 = Release|Any CPU
	EndGlobalSection
	GlobalSection(SolutionProperties) = preSolution
		HideSolutionNode = FALSE
	EndGlobalSection
	GlobalSection(NestedProjects) = preSolution
		{8D64EE93-EA41-4651-BA0F-1A89FCB67AEE} = {2CA7C994-839C-4D7D-8A41-CC86FF1FC0FF}
		{BDCDDB1B-61FA-45D4-89D2-C9506E6E1B12} = {CBDBA361-385B-4358-AF18-741A7A6CB142}
	EndGlobalSection
	GlobalSection(ExtensibilityGlobals) = postSolution
		SolutionGuid = {9F90AD4E-14FC-4B6A-8372-C3F76C22604C}
	EndGlobalSection
EndGlobal
