
Microsoft Visual Studio Solution File, Format Version 12.00
# Visual Studio Version 16
VisualStudioVersion = 16.0.33927.289
MinimumVisualStudioVersion = 10.0.40219.1
Project("{FAE04EC0-301F-11D3-BF4B-00C04F79EFBC}") = "Tyuiu.GalyameevMR.Sprint0.Task0.V0", "yuiu.GalyameevMR.Sprint0.Task0.V0\Tyuiu.GalyameevMR.Sprint0.Task0.V0.csproj", "{8D64EE93-EA41-4651-BA0F-1A89FCB67AEE}"
EndProject
Project("{2150E333-8FDC-42A3-9474-1A3956D46DE8}") = "Task0", "Task0", "{2CA7C994-839C-4D7D-8A41-CC86FF1FC0FF}"
EndProject
Project("{2150E333-8FDC-42A3-9474-1A3956D46DE8}") = "Task1", "Task1", "{CBDBA361-385B-4358-AF18-741A7A6CB142}"
EndProject
Project("{FAE04EC0-301F-11D3-BF4B-00C04F79EFBC}") = "Tyuiu.GalyameevMR.Sprint0.Task1.V0", "..\Tyuiu.GalyameevMR.Sprint0.Task1.V0\Tyuiu.GalyameevMR.Sprint0.Task1.V0.csproj", "{BDCDDB1B-61FA-45D4-89D2-C9506E6E1B12}"
EndProject
Project("{FAE04EC0-301F-11D3-BF4B-00C04F79EFBC}") = "Tyuiu.GalyameevMR.Sprint0.Task2.V0", "..\Tyuiu.GalyameevMR.Sprint0.Task2.V0\Tyuiu.GalyameevMR.Sprint0.Task2.V0.csproj", "{186B7FDC-68DA-4944-B976-F42B5FFB2C3F}"
EndProject
Project("{2150E333-8FDC-42A3-9474-1A3956D46DE8}") = "Task2", "Task2", "{46824F62-6830-47D9-9E28-7FC6C8DD1925}"
EndProject
Project("{FAE04EC0-301F-11D3-BF4B-00C04F79EFBC}") = "Tyuiu.GalyameevMR.Sprint0.Task2.V0.Lib", "..\Tyuiu.GalyameevMR.Sprint0.Task2.V0.Lib\Tyuiu.GalyameevMR.Sprint0.Task2.V0.Lib.csproj", "{B479450A-D2D6-48E8-8BA8-3A23357AB24C}"
EndProject
Project("{FAE04EC0-301F-11D3-BF4B-00C04F79EFBC}") = "Tyuiu.GalyameevMR.Sprint0.Task2.V0.Test", "..\Tyuiu.GalyameevMR.Sprint0.Task2.V0.Test\Tyuiu.GalyameevMR.Sprint0.Task2.V0.Test.csproj", "{E40BAB61-6B01-45F3-83A4-F5EC6A672595}"
EndProject
Global
	GlobalSection(SolutionConfigurationPlatforms) = preSolution
		Debug|Any CPU = Debug|Any CPU
		Debug|x64 = Debug|x64
		Debug|x86 = Debug|x86
		Release|Any CPU = Release|Any CPU
		Release|x64 = Release|x64
		Release|x86 = Release|x86
	EndGlobalSection
	GlobalSection(ProjectConfigurationPlatforms) = postSolution
		{8D64EE93-EA41-4651-BA0F-1A89FCB67AEE}.Debug|Any CPU.ActiveCfg = Debug|Any CPU
		{8D64EE93-EA41-4651-BA0F-1A89FCB67AEE}.Debug|Any CPU.Build.0 = Debug|Any CPU
		{8D64EE93-EA41-4651-BA0F-1A89FCB67AEE}.Debug|x64.ActiveCfg = Debug|Any CPU
		{8D64EE93-EA41-4651-BA0F-1A89FCB67AEE}.Debug|x64.Build.0 = Debug|Any CPU
		{8D64EE93-EA41-4651-BA0F-1A89FCB67AEE}.Debug|x86.ActiveCfg = Debug|Any CPU
		{8D64EE93-EA41-4651-BA0F-1A89FCB67AEE}.Debug|x86.Build.0 = Debug|Any CPU
		{8D64EE93-EA41-4651-BA0F-1A89FCB67AEE}.Release|Any CPU.ActiveCfg = Release|Any CPU
		{8D64EE93-EA41-4651-BA0F-1A89FCB67AEE}.Release|Any CPU.Build.0 = Release|Any CPU
		{8D64EE93-EA41-4651-BA0F-1A89FCB67AEE}.Release|x64.ActiveCfg = Release|Any CPU
		{8D64EE93-EA41-4651-BA0F-1A89FCB67AEE}.Release|x64.Build.0 = Release|Any CPU
		{8D64EE93-EA41-4651-BA0F-1A89FCB67AEE}.Release|x86.ActiveCfg = Release|Any CPU
		{8D64EE93-EA41-4651-BA0F-1A89FCB67AEE}.Release|x86.Build.0 = Release|Any CPU
		{BDCDDB1B-61FA-45D4-89D2-C9506E6E1B12}.Debug|Any CPU.ActiveCfg = Debug|Any CPU
		{BDCDDB1B-61FA-45D4-89D2-C9506E6E1B12}.Debug|Any CPU.Build.0 = Debug|Any CPU
		{BDCDDB1B-61FA-45D4-89D2-C9506E6E1B12}.Debug|x64.ActiveCfg = Debug|Any CPU
		{BDCDDB1B-61FA-45D4-89D2-C9506E6E1B12}.Debug|x64.Build.0 = Debug|Any CPU
		{BDCDDB1B-61FA-45D4-89D2-C9506E6E1B12}.Debug|x86.ActiveCfg = Debug|Any CPU
		{BDCDDB1B-61FA-45D4-89D2-C9506E6E1B12}.Debug|x86.Build.0 = Debug|Any CPU
		{BDCDDB1B-61FA-45D4-89D2-C9506E6E1B12}.Release|Any CPU.ActiveCfg = Release|Any CPU
		{BDCDDB1B-61FA-45D4-89D2-C9506E6E1B12}.Release|Any CPU.Build.0 = Release|Any CPU
		{BDCDDB1B-61FA-45D4-89D2-C9506E6E1B12}.Release|x64.ActiveCfg = Release|Any CPU
		{BDCDDB1B-61FA-45D4-89D2-C9506E6E1B12}.Release|x64.Build.0 = Release|Any CPU
		{BDCDDB1B-61FA-45D4-89D2-C9506E6E1B12}.Release|x86.ActiveCfg = Release|Any CPU
		{BDCDDB1B-61FA-45D4-89D2-C9506E6E1B12}.Release|x86.Build.0 = Release|Any CPU
		{186B7FDC-68DA-4944-B976-F42B5FFB2C3F}.Debug|Any CPU.ActiveCfg = Debug|Any CPU
		{186B7FDC-68DA-4944-B976-F42B5FFB2C3F}.Debug|Any CPU.Build.0 = Debug|Any CPU
		{186B7FDC-68DA-4944-B976-F42B5FFB2C3F}.Debug|x64.ActiveCfg = Debug|Any CPU
		{186B7FDC-68DA-4944-B976-F42B5FFB2C3F}.Debug|x64.Build.0 = Debug|Any CPU
		{186B7FDC-68DA-4944-B976-F42B5FFB2C3F}.Debug|x86.ActiveCfg = Debug|Any CPU
		{186B7FDC-68DA-4944-B976-F42B5FFB2C3F}.Debug|x86.Build.0 = Debug|Any CPU
		{186B7FDC-68DA-4944-B976-F42B5FFB2C3F}.Release|Any CPU.ActiveCfg = Release|Any CPU
		{186B7FDC-68DA-4944-B976-F42B5FFB2C3F}.Release|Any CPU.Build.0 = Release|Any CPU
		{186B7FDC-68DA-4944-B976-F42B5FFB2C3F}.Release|x64.ActiveCfg = Release|Any CPU
		{186B7FDC-68DA-4944-B976-F42B5FFB2C3F}.Release|x64.Build.0 = Release|Any CPU
		{186B7FDC-68DA-4944-B976-F42B5FFB2C3F}.Release|x86.ActiveCfg = Release|Any CPU
		{186B7FDC-68DA-4944-B976-F42B5FFB2C3F}.Release|x86.Build.0 = Release|Any CPU
		{B479450A-D2D6-48E8-8BA8-3A23357AB24C}.Debug|Any CPU.ActiveCfg = Debug|Any CPU
		{B479450A-D2D6-48E8-8BA8-3A23357AB24C}.Debug|Any CPU.Build.0 = Debug|Any CPU
		{B479450A-D2D6-48E8-8BA8-3A23357AB24C}.Debug|x64.ActiveCfg = Debug|Any CPU
		{B479450A-D2D6-48E8-8BA8-3A23357AB24C}.Debug|x64.Build.0 = Debug|Any CPU
		{B479450A-D2D6-48E8-8BA8-3A23357AB24C}.Debug|x86.ActiveCfg = Debug|Any CPU
		{B479450A-D2D6-48E8-8BA8-3A23357AB24C}.Debug|x86.Build.0 = Debug|Any CPU
		{B479450A-D2D6-48E8-8BA8-3A23357AB24C}.Release|Any CPU.ActiveCfg = Release|Any CPU
		{B479450A-D2D6-48E8-8BA8-3A23357AB24C}.Release|Any CPU.Build.0 = Release|Any CPU
		{B479450A-D2D6-48E8-8BA8-3A23357AB24C}.Release|x64.ActiveCfg = Release|Any CPU
		{B479450A-D2D6-48E8-8BA8-3A23357AB24C}.Release|x64.Build.0 = Release|Any CPU
		{B479450A-D2D6-48E8-8BA8-3A23357AB24C}.Release|x86.ActiveCfg = Release|Any CPU
		{B479450A-D2D6-48E8-8BA8-3A23357AB24C}.Release|x86.Build.0 = Release|Any CPU
		{E40BAB61-6B01-45F3-83A4-F5EC6A672595}.Debug|Any CPU.ActiveCfg = Debug|Any CPU
		{E40BAB61-6B01-45F3-83A4-F5EC6A672595}.Debug|Any CPU.Build.0 = Debug|Any CPU
		{E40BAB61-6B01-45F3-83A4-F5EC6A672595}.Debug|x64.ActiveCfg = Debug|Any CPU
		{E40BAB61-6B01-45F3-83A4-F5EC6A672595}.Debug|x64.Build.0 = Debug|Any CPU
		{E40BAB61-6B01-45F3-83A4-F5EC6A672595}.Debug|x86.ActiveCfg = Debug|Any CPU
		{E40BAB61-6B01-45F3-83A4-F5EC6A672595}.Debug|x86.Build.0 = Debug|Any CPU
		{E40BAB61-6B01-45F3-83A4-F5EC6A672595}.Release|Any CPU.ActiveCfg = Release|Any CPU
		{E40BAB61-6B01-45F3-83A4-F5EC6A672595}.Release|Any CPU.Build.0 = Release|Any CPU
		{E40BAB61-6B01-45F3-83A4-F5EC6A672595}.Release|x64.ActiveCfg = Release|Any CPU
		{E40BAB61-6B01-45F3-83A4-F5EC6A672595}.Release|x64.Build.0 = Release|Any CPU
		{E40BAB61-6B01-45F3-83A4-F5EC6A672595}.Release|x86.ActiveCfg = Release|Any CPU
		{E40BAB61-6B01-45F3-83A4-F5EC6A672595}.Release|x86.Build.0 = Release|Any CPU
	EndGlobalSection
	GlobalSection(SolutionProperties) = preSolution
		HideSolutionNode = FALSE
	EndGlobalSection
	GlobalSection(NestedProjects) = preSolution
		{8D64EE93-EA41-4651-BA0F-1A89FCB67AEE} = {2CA7C994-839C-4D7D-8A41-CC86FF1FC0FF}
		{BDCDDB1B-61FA-45D4-89D2-C9506E6E1B12} = {CBDBA361-385B-4358-AF18-741A7A6CB142}
		{186B7FDC-68DA-4944-B976-F42B5FFB2C3F} = {46824F62-6830-47D9-9E28-7FC6C8DD1925}
		{B479450A-D2D6-48E8-8BA8-3A23357AB24C} = {46824F62-6830-47D9-9E28-7FC6C8DD1925}
		{E40BAB61-6B01-45F3-83A4-F5EC6A672595} = {46824F62-6830-47D9-9E28-7FC6C8DD1925}
	EndGlobalSection
	GlobalSection(ExtensibilityGlobals) = postSolution
		SolutionGuid = {9F90AD4E-14FC-4B6A-8372-C3F76C22604C}
	EndGlobalSection
EndGlobal
